# THIS IS AN AUTOGENERATED FILE. DO NOT EDIT THIS FILE DIRECTLY.
# yarn lockfile v1


"@phenax/pattern-lock-js@^0.1.2":
  version "0.1.2"
  resolved "https://registry.npmjs.org/@phenax/pattern-lock-js/-/pattern-lock-js-0.1.2.tgz"
  integrity sha512-azp2JCvV10Njh6YzTCZ6paCQvqbi/gBnPXe2himaCiLukradkwK7yskdzOW9ITRCBx0CFtL/+N0g0NW3O5Sy0w==

jquery@^3.2.1, jquery@^3.3.1:
  version "3.7.1"
  resolved "https://registry.npmjs.org/jquery/-/jquery-3.7.1.tgz"
  integrity sha512-m4avr8yL8kmFN8psrbFFFmB/If14iN5o9nw/NgnnM+kybDJpRsAynV2BsfpTYrTRysYUdADVD7CkUUizgkpLfg==

pattern-lock-js@^1.0.1:
  version "1.0.1"
  resolved "https://registry.npmjs.org/pattern-lock-js/-/pattern-lock-js-1.0.1.tgz"
  integrity sha512-ePP8qxTfR14UD4ksoR+E4UmUEsSXNgv4UkS14FWZMeMQuihct5qQhIYrpAZduKWJeuhRcHnJz0eYzwaXIF/CXA==
  dependencies:
    jquery "^3.2.1"

patternlock@^2.0.2:
  version "2.0.2"
  resolved "https://registry.npmjs.org/patternlock/-/patternlock-2.0.2.tgz"
  integrity sha512-rqXf3jRWazhLkx6UAouafi+OotWWUGSR/DBtwGygFuc1TIZb8ejl9f983RxmQvHaqT0PRRYA943iYcLtMOzWmg==
  dependencies:
    jquery "^3.3.1"
